github.com/VividCortex/ewma v1.1.1 h1:MnEK4VOv6n0RSY4vtRe3h11qjxL3+t0B8yOL8iMXdcM=
github.com/VividCortex/ewma v1.1.1/go.mod h1:2Tkkvm3sRDVXaiyucHiACn4cqf7DpdyLvmxzcbUokwA=
github.com/VividCortex/ewma v1.2.0 h1:f58SaIzcDXrSy3kWaHNvuJgJ3Nmz59Zji6XoJR/q1ow=
github.com/VividCortex/ewma v1.2.0/go.mod h1:nz4BbCtbLyFDeC9SUHbtcT5644juEuWfUAUnGx7j5l4=
github.com/akavel/rsrc v0.8.0/go.mod h1:uLoCtb9J+EyAqh+26kdrTgmzRBFPGOolLWKpdxkKq+c=
github.com/akavel/rsrc v0.10.2 h1:Zxm8V5eI1hW4gGaYsJQUhxpjkENuG91ki8B4zCrvEsw=
github.com/akavel/rsrc v0.10.2/go.mod h1:uLoCtb9J+EyAqh+26kdrTgmzRBFPGOolLWKpdxkKq+c=
github.com/asticode/go-astikit v0.15.0/go.mod h1:h4ly7idim1tNhaVkdVBeXQZEE3L0xblP7fCWbgwipF0=
github.com/asticode/go-astikit v0.20.0 h1:+7N+J4E4lWx2QOkRdOf6DafWJMv6O4RRfgClwQokrH8=
github.com/asticode/go-astikit v0.20.0/go.mod h1:h4ly7idim1tNhaVkdVBeXQZEE3L0xblP7fCWbgwipF0=
github.com/asticode/go-astikit v0.21.1 h1:4qpgAT2zzTB9q8MF6qldmRq1uPhHjE02b0hL8TUneHk=
github.com/asticode/go-astikit v0.21.1/go.mod h1:h4ly7idim1tNhaVkdVBeXQZEE3L0xblP7fCWbgwipF0=
github.com/asticode/go-astilectron v0.22.5 h1:/Sfrl5kPijRIIRn6nHp6raxnmJntVlP4RE5svHbvT+E=
github.com/asticode/go-astilectron v0.22.5/go.mod h1:Tx+aS0IvbV0cO4TlQbOO1NFA/lATj11vEStydyIjMjM=
github.com/asticode/go-astilectron v0.24.0 h1:UWUz80rRB0L/IJ8SQ9yMoAXEyZ3108xM75npe/fFekE=
github.com/asticode/go-astilectron v0.24.0/go.mod h1:Tx+aS0IvbV0cO4TlQbOO1NFA/lATj11vEStydyIjMjM=
github.com/asticode/go-astilectron-bootstrap v0.4.13 h1:skcbTeVLQomBbSIl7vFEUnxMmek0vP2Vs/M3qYGBnB4=
github.com/asticode/go-astilectron-bootstrap v0.4.13/go.mod h1:uYao1zP/GUtvVb4mHTHDxEB5U/yA7gAZcoSDszpdDHg=
github.com/asticode/go-astilectron-bundler v0.7.11 h1:LzjRJKdx5skL4Nc414xIbbjMF2sxfxSgrqUes065VEc=
github.com/asticode/go-astilectron-bundler v0.7.11/go.mod h1:Y7I/G6ybzW5tqRO6ttUt7exmQHcX8f6dqnrUsVX064o=
github.com/asticode/go-bindata v1.0.0 h1:5whO0unjdx2kbAbzoBMS3307jKAEf3oQ1lJcx5RdgA8=
github.com/asticode/go-bindata v1.0.0/go.mod h1:t/Y+/iCLrvaYkv8Y6PscRnyUeYzy9y9+8JC9CMcKdHY=
github.com/cheggaaa/pb/v3 v3.0.5 h1:lmZOti7CraK9RSjzExsY53+WWfub9Qv13B5m4ptEoPE=
github.com/cheggaaa/pb/v3 v3.0.5/go.mod h1:X1L61/+36nz9bjIsrDU52qHKOQukUQe2Ge+YvGuquCw=
github.com/cheggaaa/pb/v3 v3.0.8 h1:bC8oemdChbke2FHIIGy9mn4DPJ2caZYQnfbRqwmdCoA=
github.com/cheggaaa/pb/v3 v3.0.8/go.mod h1:UICbiLec/XO6Hw6k+BHEtHeQFzzBH4i2/qk/ow1EJTA=
github.com/davecgh/go-spew v1.1.0 h1:ZDRjVQ15GmhC3fiQ8ni8+OwkZQO4DARzQgrnXU1Liz8=
github.com/davecgh/go-spew v1.1.0/go.mod h1:J7Y8YcW2NihsgmVo/mv3lAwl/skON4iLHjSsI+c5H38=
github.com/fatih/color v1.7.0 h1:DkWD4oS2D8LGGgTQ6IvwJJXSL5Vp2ffcQg58nFV38Ys=
github.com/fatih/color v1.7.0/go.mod h1:Zm6kSWBoL9eyXnKyktHP6abPY2pDugNf5KwzbycvMj4=
github.com/fatih/color v1.10.0/go.mod h1:ELkj/draVOlAH/xkhN6mQ50Qd0MPOk5AAr3maGEBuJM=
github.com/fatih/color v1.12.0 h1:mRhaKNwANqRgUBGKmnI5ZxEk7QXmjQeCcuYFMX2bfcc=
github.com/fatih/color v1.12.0/go.mod h1:ELkj/draVOlAH/xkhN6mQ50Qd0MPOk5AAr3maGEBuJM=
github.com/frankban/quicktest v1.2.2/go.mod h1:Qh/WofXFeiAFII1aEBu529AtJo6Zg2VHscnEsbBnJ20=
github.com/frankban/quicktest v1.11.3 h1:8sXhOn0uLys67V8EsXLc6eszDs8VXWxL3iRvebPhedY=
github.com/frankban/quicktest v1.11.3/go.mod h1:wRf/ReqHper53s+kmmSZizM8NamnL3IM0I9ntUbOk+k=
github.com/google/go-cmp v0.2.1-0.20190312032427-6f77996f0c42/go.mod h1:8QqcDgzrUqlUb/G2PQTWiueGozuR1884gddMywk6iLU=
github.com/google/go-cmp v0.5.2/go.mod h1:v8dTdLbMG2kIc/vJvl+f65V22dbkXbowE6jgT/gNBxE=
github.com/google/go-cmp v0.5.4 h1:L8R9j+yAqZuZjsqh/z+F1NCffTKKLShY6zXTItVIZ8M=
github.com/google/go-cmp v0.5.4/go.mod h1:v8dTdLbMG2kIc/vJvl+f65V22dbkXbowE6jgT/gNBxE=
github.com/google/go-querystring v1.0.0 h1:Xkwi/a1rcvNg1PPYe5vI8GbeBY/jrVuDX5ASuANWTrk=
github.com/google/go-querystring v1.0.0/go.mod h1:odCYkC5MyYFN7vkCjXpyrEuKhc/BUO6wN/zVPAxq5ck=
github.com/google/go-querystring v1.1.0 h1:AnCroh3fv4ZBgVIf1Iwtovgjaw/GiKJo8M8yD/fhyJ8=
github.com/google/go-querystring v1.1.0/go.mod h1:Kcdr2DB4koayq7X8pmAG4sNG59So17icRSOU623lUBU=
github.com/hanfa/bili-go v0.0.0-20210402220713-49f52cc2a804 h1:Hx7NhZH+68C/YIuZTrwecE3q7JSXl7pwR7CCf14KRts=
github.com/hanfa/bili-go v0.0.0-20210402220713-49f52cc2a804/go.mod h1:wePb7TlmA8ll8sF/QnwN9e4AZ8pFRZ2H8RKWuNTYQpA=
github.com/hanfa/bili-go v0.0.0-20210602012248-0dd2ef7e88b4 h1:csZBaEpnwUYEnRUDkBCzMAt0aNQGJb7V+pUk6O6sZ7A=
github.com/hanfa/bili-go v0.0.0-20210602012248-0dd2ef7e88b4/go.mod h1:wePb7TlmA8ll8sF/QnwN9e4AZ8pFRZ2H8RKWuNTYQpA=
github.com/hanfa/bili-go v0.0.0-20210602014404-f0dfdb690854 h1:NM0rzqFGQDb+5qqVLrIFibkm4RKEVkl8ZRbCy4thApw=
github.com/hanfa/bili-go v0.0.0-20210602014404-f0dfdb690854/go.mod h1:wePb7TlmA8ll8sF/QnwN9e4AZ8pFRZ2H8RKWuNTYQpA=
github.com/hanfa/bili-go v0.0.0-20210602020132-c8313f888f67 h1:9ibCuQ+q697FPY1yStTPRNH33l+iP0XvvKoPEHK+D14=
github.com/hanfa/bili-go v0.0.0-20210602020132-c8313f888f67/go.mod h1:wePb7TlmA8ll8sF/QnwN9e4AZ8pFRZ2H8RKWuNTYQpA=
github.com/juju/go4 v0.0.0-20160222163258-40d72ab9641a h1:45JtCyuNYE+QN9aPuR1ID9++BQU+NMTMudHSuaK0Las=
github.com/juju/go4 v0.0.0-20160222163258-40d72ab9641a/go.mod h1:RVHtZuvrpETIepiNUrNlih2OynoFf1eM6DGC6dloXzk=
github.com/juju/persistent-cookiejar v0.0.0-20171026135701-d5e5a8405ef9 h1:5g7E7WtWRslad/0fq68VHgHhFRvTWo30VDaEJ5KEvEc=
github.com/juju/persistent-cookiejar v0.0.0-20171026135701-d5e5a8405ef9/go.mod h1:zrbmo4nBKaiP/Ez3F67ewkMbzGYfXyMvRtbOfuAwG0w=
github.com/kr/pretty v0.1.0/go.mod h1:dAy3ld7l9f0ibDNOQOHHMYYIIbhfbHSm3C4ZsoJORNo=
github.com/kr/pretty v0.2.1 h1:Fmg33tUaq4/8ym9TJN1x7sLJnHVwhP33CNkpYV/7rwI=
github.com/kr/pretty v0.2.1/go.mod h1:ipq/a2n7PKx3OHsz4KJII5eveXtPO4qwEXGdVfWzfnI=
github.com/kr/pty v1.1.1/go.mod h1:pFQYn66WHrOpPYNljwOMqo10TkYh1fy3cYio2l3bCsQ=
github.com/kr/text v0.1.0 h1:45sCR5RtlFHMR4UwH9sdQ5TC8v0qDQCHnXt+kaKSTVE=
github.com/kr/text v0.1.0/go.mod h1:4Jbv+DJW3UT/LiOwJeYQe1efqtUx/iVham/4vfdArNI=
github.com/mattn/go-colorable v0.1.2 h1:/bC9yWikZXAL9uJdulbSfyVNIR3n3trXl+v8+1sx8mU=
github.com/mattn/go-colorable v0.1.2/go.mod h1:U0ppj6V5qS13XJ6of8GYAs25YV2eR4EVcfRqFIhoBtE=
github.com/mattn/go-colorable v0.1.8 h1:c1ghPdyEDarC70ftn0y+A/Ee++9zz8ljHG1b13eJ0s8=
github.com/mattn/go-colorable v0.1.8/go.mod h1:u6P/XSegPjTcexA+o6vUJrdnUu04hMope9wVRipJSqc=
github.com/mattn/go-isatty v0.0.8/go.mod h1:Iq45c/XA43vh69/j3iqttzPXn0bhXyGjM0Hdxcsrc5s=
github.com/mattn/go-isatty v0.0.12 h1:wuysRhFDzyxgEmMf5xjvJ2M9dZoWAXNNr5LSBS7uHXY=
github.com/mattn/go-isatty v0.0.12/go.mod h1:cbi8OIDigv2wuxKPP5vlRcQ1OAZbq2CE4Kysco4FUpU=
github.com/mattn/go-isatty v0.0.13 h1:qdl+GuBjcsKKDco5BsxPJlId98mSWNKqYA+Co0SC1yA=
github.com/mattn/go-isatty v0.0.13/go.mod h1:cbi8OIDigv2wuxKPP5vlRcQ1OAZbq2CE4Kysco4FUpU=
github.com/mattn/go-runewidth v0.0.7 h1:Ei8KR0497xHyKJPAv59M1dkC+rOZCMBJ+t3fZ+twI54=
github.com/mattn/go-runewidth v0.0.7/go.mod h1:H031xJmbD/WCDINGzjvQ9THkh0rPKHF+m2gUSrubnMI=
github.com/mattn/go-runewidth v0.0.12/go.mod h1:RAqKPSqVFrSLVXbA8x7dzmKdmGzieGRCM46jaSJTDAk=
github.com/mattn/go-runewidth v0.0.13 h1:lTGmDsbAYt5DmK6OnoV7EuIF1wEIFAcxld6ypU4OSgU=
github.com/mattn/go-runewidth v0.0.13/go.mod h1:Jdepj2loyihRzMpdS35Xk/zdY8IAYHsh153qUoGf23w=
github.com/pmezard/go-difflib v1.0.0 h1:4DBwDE0NGyQoBHbLQYPwSUPoCMWR5BEzIk/f1lZbAQM=
github.com/pmezard/go-difflib v1.0.0/go.mod h1:iKH77koFhYxTK1pcRnkKkqfTogsbg7gZNVY4sRDYZ/4=
github.com/rivo/uniseg v0.1.0/go.mod h1:J6wj4VEh+S6ZtnVlnTBMWIodfgj8LQOQFoIToxlJtxc=
github.com/rivo/uniseg v0.2.0 h1:S1pD9weZBuJdFmowNwbpi7BJ8TNftyUImj/0WQi72jY=
github.com/rivo/uniseg v0.2.0/go.mod h1:J6wj4VEh+S6ZtnVlnTBMWIodfgj8LQOQFoIToxlJtxc=
github.com/rogpeppe/clock v0.0.0-20190514195947-2896927a307a h1:3QH7VyOaaiUHNrA9Se4YQIRkDTCw1EJls9xTUCaCeRM=
github.com/rogpeppe/clock v0.0.0-20190514195947-2896927a307a/go.mod h1:4r5QyqhjIWCcK8DO4KMclc5Iknq5qVBAlbYYzAbUScQ=
github.com/sam-kamerer/go-plister v1.2.0 h1:ZdEF1bhPUoGzwz5eFljw2K/A+oRXq/81jul/A3CHKEY=
github.com/sam-kamerer/go-plister v1.2.0/go.mod h1:gTt1Ko2oTA5bfDYsNcLjRGyyx6LPxHIeo0ZTtTRZG2I=
github.com/stretchr/objx v0.1.0/go.mod h1:HFkY916IF+rwdDfMAkV7OtwuqBVzrE8GR6GFx+wExME=
github.com/stretchr/testify v1.4.0/go.mod h1:j7eGeouHqKxXV5pUuKE4zz7dFj8WfuZ+81PSLYec5m4=
github.com/stretchr/testify v1.7.0 h1:nwc3DEeHmmLAfoZucVR881uASk0Mfjw8xYJ99tb5CcY=
github.com/stretchr/testify v1.7.0/go.mod h1:6Fq8oRcR53rry900zMqJjRRixrwX3KX962/h/Wwjteg=
golang.org/x/net v0.0.0-20210222171744-9060382bd457 h1:hMm9lBjyNLe/c9C6bElQxp4wsrleaJn1vXMZIQkNN44=
golang.org/x/net v0.0.0-20210222171744-9060382bd457/go.mod h1:m0MpNAwzfU5UDzcl9v0D8zg8gWTRqZa9RBIspLL5mdg=
golang.org/x/net v0.0.0-20210525063256-abc453219eb5 h1:wjuX4b5yYQnEQHzd+CBcrcC6OVR2J1CN6mUy0oSxIPo=
golang.org/x/net v0.0.0-20210525063256-abc453219eb5/go.mod h1:9nx3DQGgdP8bBQD5qxJ1jj9UTztislL4KSBs9R2vV5Y=
golang.org/x/sys v0.0.0-20190222072716-a9d3bda3a223/go.mod h1:STP8DvDyc/dI5b8T5hshtkjS+E42TnysNCUPdjciGhY=
golang.org/x/sys v0.0.0-20200116001909-b77594299b42/go.mod h1:h1NjWce9XRLGQEsW7wpKNCjG9DtNlClVuFLEZdDNbEs=
golang.org/x/sys v0.0.0-20200223170610-d5e6a3e2c0ae/go.mod h1:h1NjWce9XRLGQEsW7wpKNCjG9DtNlClVuFLEZdDNbEs=
golang.org/x/sys v0.0.0-20201119102817-f84b799fce68 h1:nxC68pudNYkKU6jWhgrqdreuFiOQWj1Fs7T3VrH4Pjw=
golang.org/x/sys v0.0.0-20201119102817-f84b799fce68/go.mod h1:h1NjWce9XRLGQEsW7wpKNCjG9DtNlClVuFLEZdDNbEs=
golang.org/x/sys v0.0.0-20210403161142-5e06dd20ab57/go.mod h1:h1NjWce9XRLGQEsW7wpKNCjG9DtNlClVuFLEZdDNbEs=
golang.org/x/sys v0.0.0-20210423082822-04245dca01da/go.mod h1:h1NjWce9XRLGQEsW7wpKNCjG9DtNlClVuFLEZdDNbEs=
golang.org/x/sys v0.0.0-20210601080250-7ecdf8ef093b h1:qh4f65QIVFjq9eBURLEYWqaEXmOyqdUyiBSgaXWccWk=
golang.org/x/sys v0.0.0-20210601080250-7ecdf8ef093b/go.mod h1:oPkhp1MJrh7nUepCBck5+mAzfO9JrbApNNgaTdGDITg=
golang.org/x/term v0.0.0-20201126162022-7de9c90e9dd1/go.mod h1:bj7SfCRtBDWHUb9snDiAeCFNEtKQo2Wmx5Cou7ajbmo=
golang.org/x/text v0.3.3/go.mod h1:5Zoc/QRtKVWzQhOtBMvqHzDpF6irO9z98xDceosuGiQ=
golang.org/x/text v0.3.6/go.mod h1:5Zoc/QRtKVWzQhOtBMvqHzDpF6irO9z98xDceosuGiQ=
golang.org/x/tools v0.0.0-20180917221912-90fa682c2a6e/go.mod h1:n7NCudcB/nEzxVGmLbDWY5pfWTLqBcC2KZ6jyYvM4mQ=
golang.org/x/xerrors v0.0.0-20191204190536-9bdfabe68543 h1:E7g+9GITq07hpfrRu66IVDexMakfv52eLZ2CXBWiKr4=
golang.org/x/xerrors v0.0.0-20191204190536-9bdfabe68543/go.mod h1:I/5z698sn9Ka8TeJc9MKroUUfqBBauWjQqLJ2OPfmY0=
gopkg.in/check.v1 v0.0.0-20161208181325-20d25e280405 h1:yhCVgyC4o1eVCa2tZl7eS0r+SDo693bJlVdllGtEeKM=
gopkg.in/check.v1 v0.0.0-20161208181325-20d25e280405/go.mod h1:Co6ibVJAznAaIkqp8huTwlJQCZ016jof/cbN4VW5Yz0=
gopkg.in/errgo.v1 v1.0.1 h1:oQFRXzZ7CkBGdm1XZm/EbQYaYNNEElNBOd09M6cqNso=
gopkg.in/errgo.v1 v1.0.1/go.mod h1:3NjfXwocQRYAPTq4/fzX+CwUhPRcR/azYRhj8G+LqMo=
gopkg.in/retry.v1 v1.0.3 h1:a9CArYczAVv6Qs6VGoLMio99GEs7kY9UzSF9+LD+iGs=
gopkg.in/retry.v1 v1.0.3/go.mod h1:FJkXmWiMaAo7xB+xhvDF59zhfjDWyzmyAxiT4dB688g=
gopkg.in/yaml.v2 v2.2.2/go.mod h1:hI93XBmqTisBFMUTm0b8Fm+jr3Dg1NNxqwp+5A1VGuI=
gopkg.in/yaml.v3 v3.0.0-20200313102051-9f266ea9e77c h1:dUUwHk2QECo/6vqA44rthZ8ie2QXMNeKRTHCNY2nXvo=
gopkg.in/yaml.v3 v3.0.0-20200313102051-9f266ea9e77c/go.mod h1:K4uyk7z7BCEPqu6E+C64Yfv1cQ7kz7rIZviUmN+EgEM=
